// !$*UTF8*$!
{
	archiveVersion = 1;
	classes = {
	};
	objectVersion = 50;
	objects = {

/* Begin PBXBuildFile section */
		488280FD22047BD20023AD23 /* UPort.framework in CopyFiles */ = {isa = PBXBuildFile; fileRef = 48B036D1220466BE0067A2D9 /* UPort.framework */; settings = {ATTRIBUTES = (CodeSignOnCopy, RemoveHeadersOnCopy, ); }; };
		488280FF22049B010023AD23 /* UniversalDIDResolverViewController.xib in Resources */ = {isa = PBXBuildFile; fileRef = 488280FE22049B010023AD23 /* UniversalDIDResolverViewController.xib */; };
		4882810122049B1A0023AD23 /* UPortDIDResolverViewController.xib in Resources */ = {isa = PBXBuildFile; fileRef = 4882810022049B1A0023AD23 /* UPortDIDResolverViewController.xib */; };
		4882810322049B3C0023AD23 /* EthDIDResolverViewController.xib in Resources */ = {isa = PBXBuildFile; fileRef = 4882810222049B3C0023AD23 /* EthDIDResolverViewController.xib */; };
		48B0369F220351AE0067A2D9 /* AppDelegate.swift in Sources */ = {isa = PBXBuildFile; fileRef = 48B0369E220351AE0067A2D9 /* AppDelegate.swift */; };
		48B036A6220351AF0067A2D9 /* Assets.xcassets in Resources */ = {isa = PBXBuildFile; fileRef = 48B036A5220351AF0067A2D9 /* Assets.xcassets */; };
		48B036A9220351AF0067A2D9 /* LaunchScreen.storyboard in Resources */ = {isa = PBXBuildFile; fileRef = 48B036A7220351AF0067A2D9 /* LaunchScreen.storyboard */; };
		48B036B4220351AF0067A2D9 /* uPortDemoTests.swift in Sources */ = {isa = PBXBuildFile; fileRef = 48B036B3220351AF0067A2D9 /* uPortDemoTests.swift */; };
		48B036BF2203934B0067A2D9 /* MenuViewController.swift in Sources */ = {isa = PBXBuildFile; fileRef = 48B036BE2203934B0067A2D9 /* MenuViewController.swift */; };
		48B036C1220395840067A2D9 /* Styling.swift in Sources */ = {isa = PBXBuildFile; fileRef = 48B036C0220395840067A2D9 /* Styling.swift */; };
		48B036C522039DDF0067A2D9 /* JWTVerificationViewController.swift in Sources */ = {isa = PBXBuildFile; fileRef = 48B036C422039DDF0067A2D9 /* JWTVerificationViewController.swift */; };
		48B036C722039E360067A2D9 /* UniversalDIDResolverViewController.swift in Sources */ = {isa = PBXBuildFile; fileRef = 48B036C622039E360067A2D9 /* UniversalDIDResolverViewController.swift */; };
		48B036C922039E610067A2D9 /* UPortDIDResolverViewController.swift in Sources */ = {isa = PBXBuildFile; fileRef = 48B036C822039E610067A2D9 /* UPortDIDResolverViewController.swift */; };
		48B036CB22039E830067A2D9 /* EthDIDResolverViewController.swift in Sources */ = {isa = PBXBuildFile; fileRef = 48B036CA22039E830067A2D9 /* EthDIDResolverViewController.swift */; };
		48B036CD2203A4220067A2D9 /* JWTVerificationViewController.xib in Resources */ = {isa = PBXBuildFile; fileRef = 48B036CC2203A4220067A2D9 /* JWTVerificationViewController.xib */; };
		48B036D2220466BE0067A2D9 /* UPort.framework in Frameworks */ = {isa = PBXBuildFile; fileRef = 48B036D1220466BE0067A2D9 /* UPort.framework */; };
/* End PBXBuildFile section */

/* Begin PBXContainerItemProxy section */
		48B036B0220351AF0067A2D9 /* PBXContainerItemProxy */ = {
			isa = PBXContainerItemProxy;
			containerPortal = 48B03693220351AE0067A2D9 /* Project object */;
			proxyType = 1;
			remoteGlobalIDString = 48B0369A220351AE0067A2D9;
			remoteInfo = uPortDemo;
		};
/* End PBXContainerItemProxy section */

/* Begin PBXCopyFilesBuildPhase section */
		488280FC22047BC10023AD23 /* CopyFiles */ = {
			isa = PBXCopyFilesBuildPhase;
			buildActionMask = 2147483647;
			dstPath = "";
			dstSubfolderSpec = 10;
			files = (
				488280FD22047BD20023AD23 /* UPort.framework in CopyFiles */,
			);
			runOnlyForDeploymentPostprocessing = 0;
		};
/* End PBXCopyFilesBuildPhase section */

/* Begin PBXFileReference section */
		488280FE22049B010023AD23 /* UniversalDIDResolverViewController.xib */ = {isa = PBXFileReference; lastKnownFileType = file.xib; path = UniversalDIDResolverViewController.xib; sourceTree = "<group>"; };
		4882810022049B1A0023AD23 /* UPortDIDResolverViewController.xib */ = {isa = PBXFileReference; lastKnownFileType = file.xib; path = UPortDIDResolverViewController.xib; sourceTree = "<group>"; };
		4882810222049B3C0023AD23 /* EthDIDResolverViewController.xib */ = {isa = PBXFileReference; lastKnownFileType = file.xib; path = EthDIDResolverViewController.xib; sourceTree = "<group>"; };
		48B0369B220351AE0067A2D9 /* uPortDemo.app */ = {isa = PBXFileReference; explicitFileType = wrapper.application; includeInIndex = 0; path = uPortDemo.app; sourceTree = BUILT_PRODUCTS_DIR; };
		48B0369E220351AE0067A2D9 /* AppDelegate.swift */ = {isa = PBXFileReference; lastKnownFileType = sourcecode.swift; path = AppDelegate.swift; sourceTree = "<group>"; };
		48B036A5220351AF0067A2D9 /* Assets.xcassets */ = {isa = PBXFileReference; lastKnownFileType = folder.assetcatalog; path = Assets.xcassets; sourceTree = "<group>"; };
		48B036A8220351AF0067A2D9 /* Base */ = {isa = PBXFileReference; lastKnownFileType = file.storyboard; name = Base; path = Base.lproj/LaunchScreen.storyboard; sourceTree = "<group>"; };
		48B036AA220351AF0067A2D9 /* Info.plist */ = {isa = PBXFileReference; lastKnownFileType = text.plist.xml; path = Info.plist; sourceTree = "<group>"; };
		48B036AF220351AF0067A2D9 /* uPortDemoTests.xctest */ = {isa = PBXFileReference; explicitFileType = wrapper.cfbundle; includeInIndex = 0; path = uPortDemoTests.xctest; sourceTree = BUILT_PRODUCTS_DIR; };
		48B036B3220351AF0067A2D9 /* uPortDemoTests.swift */ = {isa = PBXFileReference; lastKnownFileType = sourcecode.swift; path = uPortDemoTests.swift; sourceTree = "<group>"; };
		48B036B5220351AF0067A2D9 /* Info.plist */ = {isa = PBXFileReference; lastKnownFileType = text.plist.xml; path = Info.plist; sourceTree = "<group>"; };
		48B036BE2203934B0067A2D9 /* MenuViewController.swift */ = {isa = PBXFileReference; lastKnownFileType = sourcecode.swift; path = MenuViewController.swift; sourceTree = "<group>"; };
		48B036C0220395840067A2D9 /* Styling.swift */ = {isa = PBXFileReference; lastKnownFileType = sourcecode.swift; path = Styling.swift; sourceTree = "<group>"; };
		48B036C422039DDF0067A2D9 /* JWTVerificationViewController.swift */ = {isa = PBXFileReference; lastKnownFileType = sourcecode.swift; path = JWTVerificationViewController.swift; sourceTree = "<group>"; };
		48B036C622039E360067A2D9 /* UniversalDIDResolverViewController.swift */ = {isa = PBXFileReference; lastKnownFileType = sourcecode.swift; path = UniversalDIDResolverViewController.swift; sourceTree = "<group>"; };
		48B036C822039E610067A2D9 /* UPortDIDResolverViewController.swift */ = {isa = PBXFileReference; lastKnownFileType = sourcecode.swift; path = UPortDIDResolverViewController.swift; sourceTree = "<group>"; };
		48B036CA22039E830067A2D9 /* EthDIDResolverViewController.swift */ = {isa = PBXFileReference; lastKnownFileType = sourcecode.swift; path = EthDIDResolverViewController.swift; sourceTree = "<group>"; };
		48B036CC2203A4220067A2D9 /* JWTVerificationViewController.xib */ = {isa = PBXFileReference; lastKnownFileType = file.xib; path = JWTVerificationViewController.xib; sourceTree = "<group>"; };
		48B036D1220466BE0067A2D9 /* UPort.framework */ = {isa = PBXFileReference; lastKnownFileType = wrapper.framework; name = UPort.framework; path = Carthage/Build/iOS/UPort.framework; sourceTree = "<group>"; };
/* End PBXFileReference section */

/* Begin PBXFrameworksBuildPhase section */
		48B03698220351AE0067A2D9 /* Frameworks */ = {
			isa = PBXFrameworksBuildPhase;
			buildActionMask = 2147483647;
			files = (
				48B036D2220466BE0067A2D9 /* UPort.framework in Frameworks */,
			);
			runOnlyForDeploymentPostprocessing = 0;
		};
		48B036AC220351AF0067A2D9 /* Frameworks */ = {
			isa = PBXFrameworksBuildPhase;
			buildActionMask = 2147483647;
			files = (
			);
			runOnlyForDeploymentPostprocessing = 0;
		};
/* End PBXFrameworksBuildPhase section */

/* Begin PBXGroup section */
		48B03692220351AE0067A2D9 = {
			isa = PBXGroup;
			children = (
				48B0369D220351AE0067A2D9 /* uPortDemo */,
				48B036B2220351AF0067A2D9 /* uPortDemoTests */,
				48B0369C220351AE0067A2D9 /* Products */,
				48B036D0220466BE0067A2D9 /* Frameworks */,
			);
			sourceTree = "<group>";
		};
		48B0369C220351AE0067A2D9 /* Products */ = {
			isa = PBXGroup;
			children = (
				48B0369B220351AE0067A2D9 /* uPortDemo.app */,
				48B036AF220351AF0067A2D9 /* uPortDemoTests.xctest */,
			);
			name = Products;
			sourceTree = "<group>";
		};
		48B0369D220351AE0067A2D9 /* uPortDemo */ = {
			isa = PBXGroup;
			children = (
				48B036AA220351AF0067A2D9 /* Info.plist */,
				48B0369E220351AE0067A2D9 /* AppDelegate.swift */,
				48B036C0220395840067A2D9 /* Styling.swift */,
				48B036BE2203934B0067A2D9 /* MenuViewController.swift */,
				48B036C222039DA30067A2D9 /* JWT */,
				48B036C322039DAA0067A2D9 /* DID Resolving */,
				48B036A5220351AF0067A2D9 /* Assets.xcassets */,
				48B036A7220351AF0067A2D9 /* LaunchScreen.storyboard */,
			);
			path = uPortDemo;
			sourceTree = "<group>";
		};
		48B036B2220351AF0067A2D9 /* uPortDemoTests */ = {
			isa = PBXGroup;
			children = (
				48B036B3220351AF0067A2D9 /* uPortDemoTests.swift */,
				48B036B5220351AF0067A2D9 /* Info.plist */,
			);
			path = uPortDemoTests;
			sourceTree = "<group>";
		};
		48B036C222039DA30067A2D9 /* JWT */ = {
			isa = PBXGroup;
			children = (
				48B036C422039DDF0067A2D9 /* JWTVerificationViewController.swift */,
				48B036CC2203A4220067A2D9 /* JWTVerificationViewController.xib */,
			);
			path = JWT;
			sourceTree = "<group>";
		};
		48B036C322039DAA0067A2D9 /* DID Resolving */ = {
			isa = PBXGroup;
			children = (
				48B036C622039E360067A2D9 /* UniversalDIDResolverViewController.swift */,
				488280FE22049B010023AD23 /* UniversalDIDResolverViewController.xib */,
				48B036C822039E610067A2D9 /* UPortDIDResolverViewController.swift */,
				4882810022049B1A0023AD23 /* UPortDIDResolverViewController.xib */,
				48B036CA22039E830067A2D9 /* EthDIDResolverViewController.swift */,
				4882810222049B3C0023AD23 /* EthDIDResolverViewController.xib */,
			);
			path = "DID Resolving";
			sourceTree = "<group>";
		};
		48B036D0220466BE0067A2D9 /* Frameworks */ = {
			isa = PBXGroup;
			children = (
				48B036D1220466BE0067A2D9 /* UPort.framework */,
			);
			name = Frameworks;
			sourceTree = "<group>";
		};
/* End PBXGroup section */

/* Begin PBXNativeTarget section */
		48B0369A220351AE0067A2D9 /* uPortDemo */ = {
			isa = PBXNativeTarget;
			buildConfigurationList = 48B036B8220351AF0067A2D9 /* Build configuration list for PBXNativeTarget "uPortDemo" */;
			buildPhases = (
				48B03697220351AE0067A2D9 /* Sources */,
				48B03698220351AE0067A2D9 /* Frameworks */,
				48B03699220351AE0067A2D9 /* Resources */,
				488280FC22047BC10023AD23 /* CopyFiles */,
			);
			buildRules = (
			);
			dependencies = (
			);
			name = uPortDemo;
			productName = uPortDemo;
			productReference = 48B0369B220351AE0067A2D9 /* uPortDemo.app */;
			productType = "com.apple.product-type.application";
		};
		48B036AE220351AF0067A2D9 /* uPortDemoTests */ = {
			isa = PBXNativeTarget;
			buildConfigurationList = 48B036BB220351AF0067A2D9 /* Build configuration list for PBXNativeTarget "uPortDemoTests" */;
			buildPhases = (
				48B036AB220351AF0067A2D9 /* Sources */,
				48B036AC220351AF0067A2D9 /* Frameworks */,
				48B036AD220351AF0067A2D9 /* Resources */,
			);
			buildRules = (
			);
			dependencies = (
				48B036B1220351AF0067A2D9 /* PBXTargetDependency */,
			);
			name = uPortDemoTests;
			productName = uPortDemoTests;
			productReference = 48B036AF220351AF0067A2D9 /* uPortDemoTests.xctest */;
			productType = "com.apple.product-type.bundle.unit-test";
		};
/* End PBXNativeTarget section */

/* Begin PBXProject section */
		48B03693220351AE0067A2D9 /* Project object */ = {
			isa = PBXProject;
			attributes = {
				LastSwiftUpdateCheck = 1010;
				LastUpgradeCheck = 1010;
				ORGANIZATIONNAME = ConsenSys;
				TargetAttributes = {
					48B0369A220351AE0067A2D9 = {
						CreatedOnToolsVersion = 10.1;
					};
					48B036AE220351AF0067A2D9 = {
						CreatedOnToolsVersion = 10.1;
						TestTargetID = 48B0369A220351AE0067A2D9;
					};
				};
			};
			buildConfigurationList = 48B03696220351AE0067A2D9 /* Build configuration list for PBXProject "uPortDemo" */;
			compatibilityVersion = "Xcode 9.3";
			developmentRegion = en;
			hasScannedForEncodings = 0;
			knownRegions = (
				en,
				Base,
			);
			mainGroup = 48B03692220351AE0067A2D9;
			productRefGroup = 48B0369C220351AE0067A2D9 /* Products */;
			projectDirPath = "";
			projectRoot = "";
			targets = (
				48B0369A220351AE0067A2D9 /* uPortDemo */,
				48B036AE220351AF0067A2D9 /* uPortDemoTests */,
			);
		};
/* End PBXProject section */

/* Begin PBXResourcesBuildPhase section */
		48B03699220351AE0067A2D9 /* Resources */ = {
			isa = PBXResourcesBuildPhase;
			buildActionMask = 2147483647;
			files = (
				48B036A9220351AF0067A2D9 /* LaunchScreen.storyboard in Resources */,
				4882810122049B1A0023AD23 /* UPortDIDResolverViewController.xib in Resources */,
				48B036CD2203A4220067A2D9 /* JWTVerificationViewController.xib in Resources */,
				488280FF22049B010023AD23 /* UniversalDIDResolverViewController.xib in Resources */,
				4882810322049B3C0023AD23 /* EthDIDResolverViewController.xib in Resources */,
				48B036A6220351AF0067A2D9 /* Assets.xcassets in Resources */,
			);
			runOnlyForDeploymentPostprocessing = 0;
		};
		48B036AD220351AF0067A2D9 /* Resources */ = {
			isa = PBXResourcesBuildPhase;
			buildActionMask = 2147483647;
			files = (
			);
			runOnlyForDeploymentPostprocessing = 0;
		};
/* End PBXResourcesBuildPhase section */

/* Begin PBXSourcesBuildPhase section */
		48B03697220351AE0067A2D9 /* Sources */ = {
			isa = PBXSourcesBuildPhase;
			buildActionMask = 2147483647;
			files = (
				48B036CB22039E830067A2D9 /* EthDIDResolverViewController.swift in Sources */,
				48B036C722039E360067A2D9 /* UniversalDIDResolverViewController.swift in Sources */,
				48B036BF2203934B0067A2D9 /* MenuViewController.swift in Sources */,
				48B036C522039DDF0067A2D9 /* JWTVerificationViewController.swift in Sources */,
				48B036C922039E610067A2D9 /* UPortDIDResolverViewController.swift in Sources */,
				48B036C1220395840067A2D9 /* Styling.swift in Sources */,
				48B0369F220351AE0067A2D9 /* AppDelegate.swift in Sources */,
			);
			runOnlyForDeploymentPostprocessing = 0;
		};
		48B036AB220351AF0067A2D9 /* Sources */ = {
			isa = PBXSourcesBuildPhase;
			buildActionMask = 2147483647;
			files = (
				48B036B4220351AF0067A2D9 /* uPortDemoTests.swift in Sources */,
			);
			runOnlyForDeploymentPostprocessing = 0;
		};
/* End PBXSourcesBuildPhase section */

/* Begin PBXTargetDependency section */
		48B036B1220351AF0067A2D9 /* PBXTargetDependency */ = {
			isa = PBXTargetDependency;
			target = 48B0369A220351AE0067A2D9 /* uPortDemo */;
			targetProxy = 48B036B0220351AF0067A2D9 /* PBXContainerItemProxy */;
		};
/* End PBXTargetDependency section */

/* Begin PBXVariantGroup section */
		48B036A7220351AF0067A2D9 /* LaunchScreen.storyboard */ = {
			isa = PBXVariantGroup;
			children = (
				48B036A8220351AF0067A2D9 /* Base */,
			);
			name = LaunchScreen.storyboard;
			sourceTree = "<group>";
		};
/* End PBXVariantGroup section */

/* Begin XCBuildConfiguration section */
		48B036B6220351AF0067A2D9 /* Debug */ = {
			isa = XCBuildConfiguration;
			buildSettings = {
				ALWAYS_SEARCH_USER_PATHS = NO;
				CLANG_ANALYZER_NONNULL = YES;
				CLANG_ANALYZER_NUMBER_OBJECT_CONVERSION = YES_AGGRESSIVE;
				CLANG_CXX_LANGUAGE_STANDARD = "gnu++14";
				CLANG_CXX_LIBRARY = "libc++";
				CLANG_ENABLE_MODULES = YES;
				CLANG_ENABLE_OBJC_ARC = YES;
				CLANG_ENABLE_OBJC_WEAK = YES;
				CLANG_WARN_BLOCK_CAPTURE_AUTORELEASING = YES;
				CLANG_WARN_BOOL_CONVERSION = YES;
				CLANG_WARN_COMMA = YES;
				CLANG_WARN_CONSTANT_CONVERSION = YES;
				CLANG_WARN_DEPRECATED_OBJC_IMPLEMENTATIONS = YES;
				CLANG_WARN_DIRECT_OBJC_ISA_USAGE = YES_ERROR;
				CLANG_WARN_DOCUMENTATION_COMMENTS = YES;
				CLANG_WARN_EMPTY_BODY = YES;
				CLANG_WARN_ENUM_CONVERSION = YES;
				CLANG_WARN_INFINITE_RECURSION = YES;
				CLANG_WARN_INT_CONVERSION = YES;
				CLANG_WARN_NON_LITERAL_NULL_CONVERSION = YES;
				CLANG_WARN_OBJC_IMPLICIT_RETAIN_SELF = YES;
				CLANG_WARN_OBJC_LITERAL_CONVERSION = YES;
				CLANG_WARN_OBJC_ROOT_CLASS = YES_ERROR;
				CLANG_WARN_RANGE_LOOP_ANALYSIS = YES;
				CLANG_WARN_STRICT_PROTOTYPES = YES;
				CLANG_WARN_SUSPICIOUS_MOVE = YES;
				CLANG_WARN_UNGUARDED_AVAILABILITY = YES_AGGRESSIVE;
				CLANG_WARN_UNREACHABLE_CODE = YES;
				CLANG_WARN__DUPLICATE_METHOD_MATCH = YES;
				CODE_SIGN_IDENTITY = "iPhone Developer";
				COPY_PHASE_STRIP = NO;
				DEBUG_INFORMATION_FORMAT = dwarf;
				ENABLE_STRICT_OBJC_MSGSEND = YES;
				ENABLE_TESTABILITY = YES;
				GCC_C_LANGUAGE_STANDARD = gnu11;
				GCC_DYNAMIC_NO_PIC = NO;
				GCC_NO_COMMON_BLOCKS = YES;
				GCC_OPTIMIZATION_LEVEL = 0;
				GCC_PREPROCESSOR_DEFINITIONS = (
					"DEBUG=1",
					"$(inherited)",
				);
				GCC_WARN_64_TO_32_BIT_CONVERSION = YES;
				GCC_WARN_ABOUT_RETURN_TYPE = YES_ERROR;
				GCC_WARN_UNDECLARED_SELECTOR = YES;
				GCC_WARN_UNINITIALIZED_AUTOS = YES_AGGRESSIVE;
				GCC_WARN_UNUSED_FUNCTION = YES;
				GCC_WARN_UNUSED_VARIABLE = YES;
				IPHONEOS_DEPLOYMENT_TARGET = 12.1;
				MTL_ENABLE_DEBUG_INFO = INCLUDE_SOURCE;
				MTL_FAST_MATH = YES;
				ONLY_ACTIVE_ARCH = YES;
				SDKROOT = iphoneos;
				SWIFT_ACTIVE_COMPILATION_CONDITIONS = DEBUG;
				SWIFT_OPTIMIZATION_LEVEL = "-Onone";
			};
			name = Debug;
		};
		48B036B7220351AF0067A2D9 /* Release */ = {
			isa = XCBuildConfiguration;
			buildSettings = {
				ALWAYS_SEARCH_USER_PATHS = NO;
				CLANG_ANALYZER_NONNULL = YES;
				CLANG_ANALYZER_NUMBER_OBJECT_CONVERSION = YES_AGGRESSIVE;
				CLANG_CXX_LANGUAGE_STANDARD = "gnu++14";
				CLANG_CXX_LIBRARY = "libc++";
				CLANG_ENABLE_MODULES = YES;
				CLANG_ENABLE_OBJC_ARC = YES;
				CLANG_ENABLE_OBJC_WEAK = YES;
				CLANG_WARN_BLOCK_CAPTURE_AUTORELEASING = YES;
				CLANG_WARN_BOOL_CONVERSION = YES;
				CLANG_WARN_COMMA = YES;
				CLANG_WARN_CONSTANT_CONVERSION = YES;
				CLANG_WARN_DEPRECATED_OBJC_IMPLEMENTATIONS = YES;
				CLANG_WARN_DIRECT_OBJC_ISA_USAGE = YES_ERROR;
				CLANG_WARN_DOCUMENTATION_COMMENTS = YES;
				CLANG_WARN_EMPTY_BODY = YES;
				CLANG_WARN_ENUM_CONVERSION = YES;
				CLANG_WARN_INFINITE_RECURSION = YES;
				CLANG_WARN_INT_CONVERSION = YES;
				CLANG_WARN_NON_LITERAL_NULL_CONVERSION = YES;
				CLANG_WARN_OBJC_IMPLICIT_RETAIN_SELF = YES;
				CLANG_WARN_OBJC_LITERAL_CONVERSION = YES;
				CLANG_WARN_OBJC_ROOT_CLASS = YES_ERROR;
				CLANG_WARN_RANGE_LOOP_ANALYSIS = YES;
				CLANG_WARN_STRICT_PROTOTYPES = YES;
				CLANG_WARN_SUSPICIOUS_MOVE = YES;
				CLANG_WARN_UNGUARDED_AVAILABILITY = YES_AGGRESSIVE;
				CLANG_WARN_UNREACHABLE_CODE = YES;
				CLANG_WARN__DUPLICATE_METHOD_MATCH = YES;
				CODE_SIGN_IDENTITY = "iPhone Developer";
				COPY_PHASE_STRIP = NO;
				DEBUG_INFORMATION_FORMAT = "dwarf-with-dsym";
				ENABLE_NS_ASSERTIONS = NO;
				ENABLE_STRICT_OBJC_MSGSEND = YES;
				GCC_C_LANGUAGE_STANDARD = gnu11;
				GCC_NO_COMMON_BLOCKS = YES;
				GCC_WARN_64_TO_32_BIT_CONVERSION = YES;
				GCC_WARN_ABOUT_RETURN_TYPE = YES_ERROR;
				GCC_WARN_UNDECLARED_SELECTOR = YES;
				GCC_WARN_UNINITIALIZED_AUTOS = YES_AGGRESSIVE;
				GCC_WARN_UNUSED_FUNCTION = YES;
				GCC_WARN_UNUSED_VARIABLE = YES;
				IPHONEOS_DEPLOYMENT_TARGET = 12.1;
				MTL_ENABLE_DEBUG_INFO = NO;
				MTL_FAST_MATH = YES;
				SDKROOT = iphoneos;
				SWIFT_COMPILATION_MODE = wholemodule;
				SWIFT_OPTIMIZATION_LEVEL = "-O";
				VALIDATE_PRODUCT = YES;
			};
			name = Release;
		};
		48B036B9220351AF0067A2D9 /* Debug */ = {
			isa = XCBuildConfiguration;
			buildSettings = {
				ASSETCATALOG_COMPILER_APPICON_NAME = AppIcon;
				CODE_SIGN_STYLE = Automatic;
				FRAMEWORK_SEARCH_PATHS = (
					"$(inherited)",
					"$(PROJECT_DIR)/Carthage/Build/iOS",
				);
				INFOPLIST_FILE = uPortDemo/Info.plist;
				LD_RUNPATH_SEARCH_PATHS = (
					"$(inherited)",
					"@executable_path/Frameworks",
				);
				PRODUCT_BUNDLE_IDENTIFIER = consensys.net.uPortDemo;
				PRODUCT_NAME = "$(TARGET_NAME)";
				SWIFT_VERSION = 4.2;
				TARGETED_DEVICE_FAMILY = "1,2";
			};
			name = Debug;
		};
		48B036BA220351AF0067A2D9 /* Release */ = {
			isa = XCBuildConfiguration;
			buildSettings = {
				ASSETCATALOG_COMPILER_APPICON_NAME = AppIcon;
				CODE_SIGN_STYLE = Automatic;
				FRAMEWORK_SEARCH_PATHS = (
					"$(inherited)",
					"$(PROJECT_DIR)/Carthage/Build/iOS",
				);
				INFOPLIST_FILE = uPortDemo/Info.plist;
				LD_RUNPATH_SEARCH_PATHS = (
					"$(inherited)",
					"@executable_path/Frameworks",
				);
				PRODUCT_BUNDLE_IDENTIFIER = consensys.net.uPortDemo;
				PRODUCT_NAME = "$(TARGET_NAME)";
				SWIFT_VERSION = 4.2;
				TARGETED_DEVICE_FAMILY = "1,2";
			};
			name = Release;
		};
		48B036BC220351AF0067A2D9 /* Debug */ = {
			isa = XCBuildConfiguration;
			buildSettings = {
				ALWAYS_EMBED_SWIFT_STANDARD_LIBRARIES = YES;
				BUNDLE_LOADER = "$(TEST_HOST)";
				CODE_SIGN_STYLE = Automatic;
				INFOPLIST_FILE = uPortDemoTests/Info.plist;
				LD_RUNPATH_SEARCH_PATHS = (
					"$(inherited)",
					"@executable_path/Frameworks",
					"@loader_path/Frameworks",
				);
				PRODUCT_BUNDLE_IDENTIFIER = consensys.net.uPortDemoTests;
				PRODUCT_NAME = "$(TARGET_NAME)";
				SWIFT_VERSION = 4.2;
				TARGETED_DEVICE_FAMILY = "1,2";
				TEST_HOST = "$(BUILT_PRODUCTS_DIR)/uPortDemo.app/uPortDemo";
			};
			name = Debug;
		};
		48B036BD220351AF0067A2D9 /* Release */ = {
			isa = XCBuildConfiguration;
			buildSettings = {
				ALWAYS_EMBED_SWIFT_STANDARD_LIBRARIES = YES;
				BUNDLE_LOADER = "$(TEST_HOST)";
				CODE_SIGN_STYLE = Automatic;
				INFOPLIST_FILE = uPortDemoTests/Info.plist;
				LD_RUNPATH_SEARCH_PATHS = (
					"$(inherited)",
					"@executable_path/Frameworks",
					"@loader_path/Frameworks",
				);
				PRODUCT_BUNDLE_IDENTIFIER = consensys.net.uPortDemoTests;
				PRODUCT_NAME = "$(TARGET_NAME)";
				SWIFT_VERSION = 4.2;
				TARGETED_DEVICE_FAMILY = "1,2";
				TEST_HOST = "$(BUILT_PRODUCTS_DIR)/uPortDemo.app/uPortDemo";
			};
			name = Release;
		};
/* End XCBuildConfiguration section */

/* Begin XCConfigurationList section */
		48B03696220351AE0067A2D9 /* Build configuration list for PBXProject "uPortDemo" */ = {
			isa = XCConfigurationList;
			buildConfigurations = (
				48B036B6220351AF0067A2D9 /* Debug */,
				48B036B7220351AF0067A2D9 /* Release */,
			);
			defaultConfigurationIsVisible = 0;
			defaultConfigurationName = Release;
		};
		48B036B8220351AF0067A2D9 /* Build configuration list for PBXNativeTarget "uPortDemo" */ = {
			isa = XCConfigurationList;
			buildConfigurations = (
				48B036B9220351AF0067A2D9 /* Debug */,
				48B036BA220351AF0067A2D9 /* Release */,
			);
			defaultConfigurationIsVisible = 0;
			defaultConfigurationName = Release;
		};
		48B036BB220351AF0067A2D9 /* Build configuration list for PBXNativeTarget "uPortDemoTests" */ = {
			isa = XCConfigurationList;
			buildConfigurations = (
				48B036BC220351AF0067A2D9 /* Debug */,
				48B036BD220351AF0067A2D9 /* Release */,
			);
			defaultConfigurationIsVisible = 0;
			defaultConfigurationName = Release;
		};
/* End XCConfigurationList section */
	};
	rootObject = 48B03693220351AE0067A2D9 /* Project object */;
}
